
Microsoft Visual Studio Solution File, Format Version 12.00
# Visual Studio Version 16
VisualStudioVersion = 16.0.28803.202
MinimumVisualStudioVersion = 10.0.40219.1
Project("{FAE04EC0-301F-11D3-BF4B-00C04F79EFBC}") = "HelloWorld", "HelloWorld\HelloWorld.csproj", "{D3B19D32-020D-4EF4-B8B1-6875F97890E1}"
EndProject
Global
	GlobalSection(SolutionConfigurationPlatforms) = preSolution
		Debug|Any CPU = Debug|Any CPU
		Release|Any CPU = Release|Any CPU
	EndGlobalSection
	GlobalSection(ProjectConfigurationPlatforms) = postSolution
		{D3B19D32-020D-4EF4-B8B1-6875F97890E1}.Debug|Any CPU.ActiveCfg = Debug|Any CPU
		{D3B19D32-020D-4EF4-B8B1-6875F97890E1}.Debug|Any CPU.Build.0 = Debug|Any CPU
		{D3B19D32-020D-4EF4-B8B1-6875F97890E1}.Release|Any CPU.ActiveCfg = Release|Any CPU
		{D3B19D32-020D-4EF4-B8B1-6875F97890E1}.Release|Any CPU.Build.0 = Release|Any CPU
	EndGlobalSection
	GlobalSection(SolutionProperties) = preSolution
		HideSolutionNode = FALSE
	EndGlobalSection
	GlobalSection(ExtensibilityGlobals) = postSolution
		SolutionGuid = {02E52E9E-531A-4C49-8EB6-E0E1F2D43014}
	EndGlobalSection
	GlobalSection(TeamFoundationVersionControl) = preSolution
		SccNumberOfProjects = 2
		SccEnterpriseProvider = {4CA58AB2-18FA-4F8D-95D4-32DDF27D184C}
		SccTeamFoundationServer = https://dev.azure.com/benday-ps
		SccLocalPath0 = .
		SccProjectUniqueName1 = HelloWorld\\HelloWorld.csproj
		SccProjectName1 = HelloWorld
		SccLocalPath1 = HelloWorld
	EndGlobalSection
EndGlobal
