
Microsoft Visual Studio Solution File, Format Version 12.00
# Visual Studio Version 17
VisualStudioVersion = 17.0.31903.59
MinimumVisualStudioVersion = 10.0.40219.1
Project("{FAE04EC0-301F-11D3-BF4B-00C04F79EFBC}") = "Benday.HelloWorld.WebUi", "Benday.HelloWorld.WebUi\Benday.HelloWorld.WebUi.csproj", "{16A03172-A272-4C36-976E-FDCCD054DBCB}"
EndProject
Global
	GlobalSection(SolutionConfigurationPlatforms) = preSolution
		Debug|Any CPU = Debug|Any CPU
		Release|Any CPU = Release|Any CPU
	EndGlobalSection
	GlobalSection(ProjectConfigurationPlatforms) = postSolution
		{16A03172-A272-4C36-976E-FDCCD054DBCB}.Debug|Any CPU.ActiveCfg = Debug|Any CPU
		{16A03172-A272-4C36-976E-FDCCD054DBCB}.Debug|Any CPU.Build.0 = Debug|Any CPU
		{16A03172-A272-4C36-976E-FDCCD054DBCB}.Release|Any CPU.ActiveCfg = Release|Any CPU
		{16A03172-A272-4C36-976E-FDCCD054DBCB}.Release|Any CPU.Build.0 = Release|Any CPU
	EndGlobalSection
	GlobalSection(SolutionProperties) = preSolution
		HideSolutionNode = FALSE
	EndGlobalSection
	GlobalSection(ExtensibilityGlobals) = postSolution
		SolutionGuid = {63516730-7FAC-4F1B-AD2D-58B7D3B8C136}
	EndGlobalSection
EndGlobal
